
Microsoft Visual Studio Solution File, Format Version 12.00
# Visual Studio Version 17
VisualStudioVersion = 17.10.35013.160
MinimumVisualStudioVersion = 10.0.40219.1
Project("{FAE04EC0-301F-11D3-BF4B-00C04F79EFBC}") = "TWnTW-MVC", "TWnTW-MVC\TWnTW-MVC.csproj", "{E01331F5-C400-4BC1-BB9F-484FDE0EEBD6}"
EndProject
Global
	GlobalSection(SolutionConfigurationPlatforms) = preSolution
		Debug|Any CPU = Debug|Any CPU
		Release|Any CPU = Release|Any CPU
	EndGlobalSection
	GlobalSection(ProjectConfigurationPlatforms) = postSolution
		{E01331F5-C400-4BC1-BB9F-484FDE0EEBD6}.Debug|Any CPU.ActiveCfg = Debug|Any CPU
		{E01331F5-C400-4BC1-BB9F-484FDE0EEBD6}.Debug|Any CPU.Build.0 = Debug|Any CPU
		{E01331F5-C400-4BC1-BB9F-484FDE0EEBD6}.Release|Any CPU.ActiveCfg = Release|Any CPU
		{E01331F5-C400-4BC1-BB9F-484FDE0EEBD6}.Release|Any CPU.Build.0 = Release|Any CPU
	EndGlobalSection
	GlobalSection(SolutionProperties) = preSolution
		HideSolutionNode = FALSE
	EndGlobalSection
	GlobalSection(ExtensibilityGlobals) = postSolution
		SolutionGuid = {047D50D0-B29C-4D3E-892A-BB5CDFB45E79}
	EndGlobalSection
EndGlobal
